{
  "name": "core",
  "version": "1.0.0",
  "lockfileVersion": 3,
  "requires": true,
  "packages": {
    "": {
      "name": "core",
      "version": "1.0.0",
      "license": "ISC",
      "workspaces": [
        "nested_project"
      ],
      "dependencies": {
        "lodash": "^4.17.21"
      }
    },
    "nested_project": {
      "version": "1.0.0",
      "license": "MIT",
      "dependencies": {
        "porreta": "^1.7.0"
      }
    },
    "node_modules/lodash": {
      "version": "4.17.21",
      "resolved": "https://registry.npmjs.org/lodash/-/lodash-4.17.21.tgz",
      "integrity": "sha512-v2kDEe57lecTulaDIuNTPy3Ry4gLGJ6Z1O3vE1krgXZNrsQ+LFTGHVxVjcXPs17LhbZVGedAJv8XZ1tvj5FvSg=="
    },
    "node_modules/nested_project": {
      "resolved": "nested_project",
      "link": true
    },
    "node_modules/porreta": {
      "version": "1.7.0",
      "resolved": "https://registry.npmjs.org/porreta/-/porreta-1.7.0.tgz",
      "integrity": "sha512-D5RHu7qMMa+KpO50GnRdkNoQbKT+VrPBIWHanbhr9r4uck9ZpP/EoQpWqd4Gp0m2CtKiYyToxoUexSy0KS4T2A==",
      "dependencies": {
        "lodash": "^4.0.1"
      }
    }
  }
}
